{
  "lockfile_version": "1",
  "packages": {
    "dbeaver@latest": {
      "last_modified": "2024-05-12T16:19:40Z",
      "resolved": "github:NixOS/nixpkgs/3281bec7174f679eabf584591e75979a258d8c40#dbeaver",
      "source": "devbox-search",
      "version": "22.2.2",
      "systems": {
        "aarch64-darwin": {
          "outputs": [
            {
              "name": "out",
              "path": "/nix/store/vd6gj04q6scjyl47xfy2r3rlpcg9skbn-dbeaver-22.2.2",
              "default": true
            }
          ],
          "store_path": "/nix/store/vd6gj04q6scjyl47xfy2r3rlpcg9skbn-dbeaver-22.2.2"
        },
        "aarch64-linux": {
          "outputs": [
            {
              "name": "out",
              "path": "/nix/store/70lsvqd0anxpcrp8nzdq5mfklcaylril-dbeaver-22.2.2",
              "default": true
            }
          ],
          "store_path": "/nix/store/70lsvqd0anxpcrp8nzdq5mfklcaylril-dbeaver-22.2.2"
        },
        "x86_64-darwin": {
          "outputs": [
            {
              "name": "out",
              "path": "/nix/store/vy9hl98xdxl565wp087z9qgvkxkf7s20-dbeaver-22.2.2",
              "default": true
            }
          ],
          "store_path": "/nix/store/vy9hl98xdxl565wp087z9qgvkxkf7s20-dbeaver-22.2.2"
        },
        "x86_64-linux": {
          "outputs": [
            {
              "name": "out",
              "path": "/nix/store/1yxx14968gkznsfkwl6c3s4xvcxhrhdz-dbeaver-22.2.2",
              "default": true
            }
          ],
          "store_path": "/nix/store/1yxx14968gkznsfkwl6c3s4xvcxhrhdz-dbeaver-22.2.2"
        }
      }
    },
    "github:NixOS/nixpkgs/nixpkgs-unstable": {
      "last_modified": "2026-03-11T04:01:32Z",
      "resolved": "github:NixOS/nixpkgs/b6067cc0127d4db9c26c79e4de0513e58d0c40c9?lastModified=1773201692"
    },
    "glibcLocales@latest": {
      "last_modified": "2026-02-23T15:40:43Z",
      "resolved": "github:NixOS/nixpkgs/80d901ec0377e19ac3f7bb8c035201e2e098cc97#glibcLocales",
      "source": "devbox-search",
      "version": "2.42-51",
      "systems": {
        "aarch64-linux": {
          "outputs": [
            {
              "name": "out",
              "path": "/nix/store/2m0bi1my8d60caywvn71iw3gqn3qy9vc-glibc-locales-2.42-51",
              "default": true
            }
          ],
          "store_path": "/nix/store/2m0bi1my8d60caywvn71iw3gqn3qy9vc-glibc-locales-2.42-51"
        },
        "x86_64-linux": {
          "outputs": [
            {
              "name": "out",
              "path": "/nix/store/0qlmqvyckf8zyx03n00azgznnkzgi5xw-glibc-locales-2.42-51",
              "default": true
            }
          ],
          "store_path": "/nix/store/0qlmqvyckf8zyx03n00azgznnkzgi5xw-glibc-locales-2.42-51"
        }
      }
    },
    "postgresql_18": {
      "plugin_version": "0.0.2",
      "resolved": "github:NixOS/nixpkgs/b6067cc0127d4db9c26c79e4de0513e58d0c40c9#postgresql_18",
      "source": "nixpkg"
    },
    "rustup": {
      "plugin_version": "0.0.1",
      "resolved": "github:NixOS/nixpkgs/b6067cc0127d4db9c26c79e4de0513e58d0c40c9#rustup",
      "source": "nixpkg"
    },
    "sea-orm-cli": {
      "resolved": "github:NixOS/nixpkgs/b6067cc0127d4db9c26c79e4de0513e58d0c40c9#sea-orm-cli",
      "source": "nixpkg"
    }
  }
}
