{
  "lockfile_version": "1",
  "packages": {
    "github:NixOS/nixpkgs/nixpkgs-unstable": {
      "last_modified": "2026-03-11T04:01:32Z",
      "resolved": "github:NixOS/nixpkgs/b6067cc0127d4db9c26c79e4de0513e58d0c40c9?lastModified=1773201692"
    },
    "glibcLocales@latest": {
      "last_modified": "2026-02-23T15:40:43Z",
      "resolved": "github:NixOS/nixpkgs/80d901ec0377e19ac3f7bb8c035201e2e098cc97#glibcLocales",
      "source": "devbox-search",
      "version": "2.42-51",
      "systems": {
        "aarch64-linux": {
          "outputs": [
            {
              "name": "out",
              "path": "/nix/store/2m0bi1my8d60caywvn71iw3gqn3qy9vc-glibc-locales-2.42-51",
              "default": true
            }
          ],
          "store_path": "/nix/store/2m0bi1my8d60caywvn71iw3gqn3qy9vc-glibc-locales-2.42-51"
        },
        "x86_64-linux": {
          "outputs": [
            {
              "name": "out",
              "path": "/nix/store/0qlmqvyckf8zyx03n00azgznnkzgi5xw-glibc-locales-2.42-51",
              "default": true
            }
          ],
          "store_path": "/nix/store/0qlmqvyckf8zyx03n00azgznnkzgi5xw-glibc-locales-2.42-51"
        }
      }
    },
    "postgresql_18": {
      "plugin_version": "0.0.2",
      "resolved": "github:NixOS/nixpkgs/b6067cc0127d4db9c26c79e4de0513e58d0c40c9#postgresql_18",
      "source": "nixpkg"
    },
    "python313": {
      "plugin_version": "0.0.4",
      "resolved": "github:NixOS/nixpkgs/b6067cc0127d4db9c26c79e4de0513e58d0c40c9#python313",
      "source": "nixpkg"
    },
    "python313Packages.grequests": {
      "resolved": "github:NixOS/nixpkgs/b6067cc0127d4db9c26c79e4de0513e58d0c40c9#python313Packages.grequests",
      "source": "nixpkg"
    },
    "rainfrog@latest": {
      "last_modified": "2026-03-21T07:29:51Z",
      "resolved": "github:NixOS/nixpkgs/09061f748ee21f68a089cd5d91ec1859cd93d0be#rainfrog",
      "source": "devbox-search",
      "version": "0.3.17",
      "systems": {
        "aarch64-darwin": {
          "outputs": [
            {
              "name": "out",
              "path": "/nix/store/ig1yxj3ayd5vn4wlp1b01x8yvydmc4y3-rainfrog-0.3.17",
              "default": true
            }
          ],
          "store_path": "/nix/store/ig1yxj3ayd5vn4wlp1b01x8yvydmc4y3-rainfrog-0.3.17"
        },
        "aarch64-linux": {
          "outputs": [
            {
              "name": "out",
              "path": "/nix/store/r7hphycs9f9ccg4jpkkwg5n6kyvr0vs0-rainfrog-0.3.17",
              "default": true
            }
          ],
          "store_path": "/nix/store/r7hphycs9f9ccg4jpkkwg5n6kyvr0vs0-rainfrog-0.3.17"
        },
        "x86_64-darwin": {
          "outputs": [
            {
              "name": "out",
              "path": "/nix/store/dyvpcwq5gr2wfkm9859dj32jfk3wbv4d-rainfrog-0.3.17",
              "default": true
            }
          ],
          "store_path": "/nix/store/dyvpcwq5gr2wfkm9859dj32jfk3wbv4d-rainfrog-0.3.17"
        },
        "x86_64-linux": {
          "outputs": [
            {
              "name": "out",
              "path": "/nix/store/7y62hp615sdvb9pz6a4ll0c4n3r43n5p-rainfrog-0.3.17",
              "default": true
            }
          ],
          "store_path": "/nix/store/7y62hp615sdvb9pz6a4ll0c4n3r43n5p-rainfrog-0.3.17"
        }
      }
    },
    "rustup": {
      "plugin_version": "0.0.1",
      "resolved": "github:NixOS/nixpkgs/b6067cc0127d4db9c26c79e4de0513e58d0c40c9#rustup",
      "source": "nixpkg"
    },
    "sea-orm-cli": {
      "resolved": "github:NixOS/nixpkgs/b6067cc0127d4db9c26c79e4de0513e58d0c40c9#sea-orm-cli",
      "source": "nixpkg"
    }
  }
}
